
Microsoft Visual Studio Solution File, Format Version 12.00
# Visual Studio 15
VisualStudioVersion = 15.0.27130.2027
MinimumVisualStudioVersion = 10.0.40219.1
Project("{FAE04EC0-301F-11D3-BF4B-00C04F79EFBC}") = "ESFA.DC.ILR.FundingService.ALB.Console", "ESFA.DC.ILR.FundingService.ALB.Console\ESFA.DC.ILR.FundingService.ALB.Console.csproj", "{F079A802-61F4-4E00-81D7-91DE75B19767}"
EndProject
Project("{FAE04EC0-301F-11D3-BF4B-00C04F79EFBC}") = "ESFA.DC.ILR.FundingService.ALB.ExternalData", "ESFA.DC.ILR.FundingService.ALB.ExternalData\ESFA.DC.ILR.FundingService.ALB.ExternalData.csproj", "{91E3D0C6-1258-48E3-B1BC-695C46DD302D}"
EndProject
Project("{FAE04EC0-301F-11D3-BF4B-00C04F79EFBC}") = "ESFA.DC.ILR.FundingService.ALB.ExternalData.Tests", "ESFA.DC.ILR.FundingService.ALB.ExternalData.Tests\ESFA.DC.ILR.FundingService.ALB.ExternalData.Tests.csproj", "{C7F6629D-BE03-4866-A22F-479264714C5C}"
EndProject
Project("{2150E333-8FDC-42A3-9474-1A3956D46DE8}") = "SonarQube", "SonarQube", "{31B7304E-A9D4-4DCB-BD53-8BEFA22D9C31}"
	ProjectSection(SolutionItems) = preProject
		SonarQube\DC-ILR-1718-FundingService-ALBCSharp.ruleset = SonarQube\DC-ILR-1718-FundingService-ALBCSharp.ruleset
		SonarQube\SolutionBinding.sqconfig = SonarQube\SolutionBinding.sqconfig
	EndProjectSection
EndProject
Project("{FAE04EC0-301F-11D3-BF4B-00C04F79EFBC}") = "ESFA.DC.ILR.FundingService.ALB.OPA.Model", "ESFA.DC.ILR.FundingService.ALB.OPA.Model\ESFA.DC.ILR.FundingService.ALB.OPA.Model.csproj", "{8982E202-D685-416C-8D11-E937BEDF4E3D}"
EndProject
Project("{FAE04EC0-301F-11D3-BF4B-00C04F79EFBC}") = "ESFA.DC.ILR.FundingService.ALB.OPA.Model.Tests", "ESFA.DC.ILR.FundingService.ALB.OPA.Model.Tests\ESFA.DC.ILR.FundingService.ALB.OPA.Model.Tests.csproj", "{0E379A91-5D6C-40DB-A8FA-5DE7D2A52290}"
EndProject
Global
	GlobalSection(SolutionConfigurationPlatforms) = preSolution
		Debug|Any CPU = Debug|Any CPU
		Release|Any CPU = Release|Any CPU
	EndGlobalSection
	GlobalSection(ProjectConfigurationPlatforms) = postSolution
		{F079A802-61F4-4E00-81D7-91DE75B19767}.Debug|Any CPU.ActiveCfg = Debug|Any CPU
		{F079A802-61F4-4E00-81D7-91DE75B19767}.Debug|Any CPU.Build.0 = Debug|Any CPU
		{F079A802-61F4-4E00-81D7-91DE75B19767}.Release|Any CPU.ActiveCfg = Release|Any CPU
		{F079A802-61F4-4E00-81D7-91DE75B19767}.Release|Any CPU.Build.0 = Release|Any CPU
		{91E3D0C6-1258-48E3-B1BC-695C46DD302D}.Debug|Any CPU.ActiveCfg = Debug|Any CPU
		{91E3D0C6-1258-48E3-B1BC-695C46DD302D}.Debug|Any CPU.Build.0 = Debug|Any CPU
		{91E3D0C6-1258-48E3-B1BC-695C46DD302D}.Release|Any CPU.ActiveCfg = Release|Any CPU
		{91E3D0C6-1258-48E3-B1BC-695C46DD302D}.Release|Any CPU.Build.0 = Release|Any CPU
		{C7F6629D-BE03-4866-A22F-479264714C5C}.Debug|Any CPU.ActiveCfg = Debug|Any CPU
		{C7F6629D-BE03-4866-A22F-479264714C5C}.Debug|Any CPU.Build.0 = Debug|Any CPU
		{C7F6629D-BE03-4866-A22F-479264714C5C}.Release|Any CPU.ActiveCfg = Release|Any CPU
		{C7F6629D-BE03-4866-A22F-479264714C5C}.Release|Any CPU.Build.0 = Release|Any CPU
		{8982E202-D685-416C-8D11-E937BEDF4E3D}.Debug|Any CPU.ActiveCfg = Debug|Any CPU
		{8982E202-D685-416C-8D11-E937BEDF4E3D}.Debug|Any CPU.Build.0 = Debug|Any CPU
		{8982E202-D685-416C-8D11-E937BEDF4E3D}.Release|Any CPU.ActiveCfg = Release|Any CPU
		{8982E202-D685-416C-8D11-E937BEDF4E3D}.Release|Any CPU.Build.0 = Release|Any CPU
		{0E379A91-5D6C-40DB-A8FA-5DE7D2A52290}.Debug|Any CPU.ActiveCfg = Debug|Any CPU
		{0E379A91-5D6C-40DB-A8FA-5DE7D2A52290}.Debug|Any CPU.Build.0 = Debug|Any CPU
		{0E379A91-5D6C-40DB-A8FA-5DE7D2A52290}.Release|Any CPU.ActiveCfg = Release|Any CPU
		{0E379A91-5D6C-40DB-A8FA-5DE7D2A52290}.Release|Any CPU.Build.0 = Release|Any CPU
	EndGlobalSection
	GlobalSection(SolutionProperties) = preSolution
		HideSolutionNode = FALSE
	EndGlobalSection
	GlobalSection(ExtensibilityGlobals) = postSolution
		SolutionGuid = {E7359554-A476-4711-8BE3-C16BA6B90FB3}
	EndGlobalSection
EndGlobal
